{
  "object": {
    "pins": [
      {
        "package": "PingOneSDK",
        "repositoryURL": "git@gitlab.corp.pingidentity.com:github-clones/pingone-customers-authenticator-sample-app-ios.git",
        "state": {
          "branch": "1.5.1",
          "revision": "89ba7f9db0c6963ee1814dacaa5cc1c7deb71dc0",
          "version": null
        }
      }
    ]
  },
  "version": 1
}
